
Microsoft Visual Studio Solution File, Format Version 12.00
# Visual Studio 15
VisualStudioVersion = 15.0.27703.2000
MinimumVisualStudioVersion = 10.0.40219.1
Project("{8BC9CEB8-8B4A-11D0-8D11-00A0C91BC942}") = "mrt-mel3", "mrt-mel3\mrt-mel3.vcxproj", "{9FF98254-E6B8-45F3-8BAB-A3ED44FABE15}"
EndProject
Global
	GlobalSection(SolutionConfigurationPlatforms) = preSolution
		Debug|x64 = Debug|x64
		Debug|x86 = Debug|x86
		Release|x64 = Release|x64
		Release|x86 = Release|x86
	EndGlobalSection
	GlobalSection(ProjectConfigurationPlatforms) = postSolution
		{9FF98254-E6B8-45F3-8BAB-A3ED44FABE15}.Debug|x64.ActiveCfg = Debug|x64
		{9FF98254-E6B8-45F3-8BAB-A3ED44FABE15}.Debug|x64.Build.0 = Debug|x64
		{9FF98254-E6B8-45F3-8BAB-A3ED44FABE15}.Debug|x86.ActiveCfg = Debug|Win32
		{9FF98254-E6B8-45F3-8BAB-A3ED44FABE15}.Debug|x86.Build.0 = Debug|Win32
		{9FF98254-E6B8-45F3-8BAB-A3ED44FABE15}.Release|x64.ActiveCfg = Release|x64
		{9FF98254-E6B8-45F3-8BAB-A3ED44FABE15}.Release|x64.Build.0 = Release|x64
		{9FF98254-E6B8-45F3-8BAB-A3ED44FABE15}.Release|x86.ActiveCfg = Release|Win32
		{9FF98254-E6B8-45F3-8BAB-A3ED44FABE15}.Release|x86.Build.0 = Release|Win32
	EndGlobalSection
	GlobalSection(SolutionProperties) = preSolution
		HideSolutionNode = FALSE
	EndGlobalSection
	GlobalSection(ExtensibilityGlobals) = postSolution
		SolutionGuid = {03F03A8A-141B-4B8B-B124-B9A286BB6263}
	EndGlobalSection
EndGlobal
